
Microsoft Visual Studio Solution File, Format Version 12.00
Project("{FAE04EC0-301F-11D3-BF4B-00C04F79EFBC}") = "market", "src\market\market.csproj", "{9EE10942-7B4E-4705-9D38-88D7B209B0FD}"
EndProject
Global
	GlobalSection(SolutionConfigurationPlatforms) = preSolution
		Debug|Any CPU = Debug|Any CPU
		Release|Any CPU = Release|Any CPU
	EndGlobalSection
	GlobalSection(ProjectConfigurationPlatforms) = postSolution
		{9EE10942-7B4E-4705-9D38-88D7B209B0FD}.Debug|Any CPU.ActiveCfg = Debug|Any CPU
		{9EE10942-7B4E-4705-9D38-88D7B209B0FD}.Debug|Any CPU.Build.0 = Debug|Any CPU
		{9EE10942-7B4E-4705-9D38-88D7B209B0FD}.Release|Any CPU.ActiveCfg = Release|Any CPU
		{9EE10942-7B4E-4705-9D38-88D7B209B0FD}.Release|Any CPU.Build.0 = Release|Any CPU
	EndGlobalSection
EndGlobal
